
Microsoft Visual Studio Solution File, Format Version 12.00
Project("{FAE04EC0-301F-11D3-BF4B-00C04F79EFBC}") = "SvgGui", "SvgGui.csproj", "{7F447BD0-FE34-4EAE-8C48-824604A9DEB5}"
EndProject
Global
	GlobalSection(SolutionConfigurationPlatforms) = preSolution
		Debug|Any CPU = Debug|Any CPU
		Release|Any CPU = Release|Any CPU
	EndGlobalSection
	GlobalSection(ProjectConfigurationPlatforms) = postSolution
		{7F447BD0-FE34-4EAE-8C48-824604A9DEB5}.Debug|Any CPU.ActiveCfg = Debug|Any CPU
		{7F447BD0-FE34-4EAE-8C48-824604A9DEB5}.Debug|Any CPU.Build.0 = Debug|Any CPU
		{7F447BD0-FE34-4EAE-8C48-824604A9DEB5}.Release|Any CPU.ActiveCfg = Release|Any CPU
		{7F447BD0-FE34-4EAE-8C48-824604A9DEB5}.Release|Any CPU.Build.0 = Release|Any CPU
	EndGlobalSection
EndGlobal
